github.com/adrianmo/go-nmea v1.10.0 h1:L1aYaebZ4cXFCoXNSeDeQa0tApvSKvIbqMsK+iaRiCo=
github.com/adrianmo/go-nmea v1.10.0/go.mod h1:u8bPnpKt/D/5rll/5l9f6iDfeq5WZW0+/SXdkwix6Tg=
github.com/davecgh/go-spew v1.1.0/go.mod h1:J7Y8YcW2NihsgmVo/mv3lAwl/skON4iLHjSsI+c5H38=
github.com/davecgh/go-spew v1.1.1 h1:vj9j/u1bqnvCEfJOwUhtlOARqs3+rkHYY13jYWTU97c=
github.com/davecgh/go-spew v1.1.1/go.mod h1:J7Y8YcW2NihsgmVo/mv3lAwl/skON4iLHjSsI+c5H38=
github.com/mikefsq/astrocam v0.1.0 h1:hYlZBQFUgf4HFEXMzKza0uetF0ebbwDfVy2cvc91GQw=
github.com/mikefsq/astrocam v0.1.0/go.mod h1:sypVt4nGQJdOES5awMVX06WCTDATStWuzHhpIRSFvmM=
github.com/mikefsq/astromi.ch v0.1.1 h1:9yL5qQW95+CL3iYVmjGC7rZOFDAcLklOd9XR586rXH0=
github.com/mikefsq/astromi.ch v0.1.1/go.mod h1:YBq9nFaxkzWMtjAPKULE++atX33EFdW4dDcOzwHCY9Q=
github.com/mikefsq/goalpaca v0.3.2 h1:X9zrG1JTAKsD3MzDe4GTW1/kgNtpogLOzgMR+4oVPW8=
github.com/mikefsq/goalpaca v0.3.2/go.mod h1:K6Ib2gbC+aUgAwU2G95KHsD0EIPdiCqyZIm6RGwBQhw=
github.com/mikefsq/goalpaca-devices v0.1.1 h1:wq7BikMiIEg8moTErv9CZck1ScnKZOlpb/CpVifGQ1E=
github.com/mikefsq/goalpaca-devices v0.1.1/go.mod h1:94uYck7QSSM64Mf91AruOkYfKY4U+33ZK0GLU1SUuTA=
github.com/mikefsq/goasi v0.2.1 h1:5GPZMtAH0uA3lagnJKfMF9q6OIVV2h//7o7Oy3C4Nz0=
github.com/mikefsq/goasi v0.2.1/go.mod h1:EjXuj5X8Bno+HDKFqDUsF6ZQ7H9zB2w7hcjc8UVeOIM=
github.com/mikefsq/goindi v0.1.1 h1:mWW5lWVxLZR1J5rueTqHhaVIXarmLB16jP3WGqGnLqo=
github.com/mikefsq/goindi v0.1.1/go.mod h1:zrjteb1pqjxkEeOHUslFMyBbJvTWSc5MSokANy5ZE0E=
github.com/mikefsq/lx200 v0.2.2 h1:bw37VfPkGsmVqMnpARngVBTnFmJjaIeu0NxQJ41ehag=
github.com/mikefsq/lx200 v0.2.2/go.mod h1:Rag8s80nrhhCQLC3KjjAT/Lx6fahp0+R0abuXm62tKo=
github.com/mikefsq/oasis-astro v0.1.0 h1:y+kXO84OGaEn7F3/GpDvJM0H95fywQnjEJctdOifYh0=
github.com/mikefsq/oasis-astro v0.1.0/go.mod h1:O+T/QVLQitfQdqn5ajAWFTotZHEN18xBkCy/PVdzszU=
github.com/mikefsq/optec v0.1.1 h1:zDtxPg10hfoR2rOpjYbnCTwJu/qbENrj1XR0n9BLny4=
github.com/mikefsq/optec v0.1.1/go.mod h1:ntwr57cUWCCEYxu5bUQkt44RzcYjumqRuLJ6Iv+ooY8=
github.com/mikefsq/pegasus-astro v0.1.0 h1:Ewm7P5wTfJfVYL83qVVX8hWticV3oZ+bnaWNkOmKqck=
github.com/mikefsq/pegasus-astro v0.1.0/go.mod h1:E8S8NyhcFwabgbl+JYkwvmKswCVpl9Z/2vxhBjs+XEU=
github.com/mikefsq/ptp v0.1.0 h1:ksheliFu4kuXgph2EKOxgBbPFMF5lBGNJDy9HbLGTZs=
github.com/mikefsq/ptp v0.1.0/go.mod h1:883GNtGyqVtKCfy8mPTFJrBOL8rhNXR4KQ0DlAgSjUg=
github.com/mikefsq/stellarmate v0.1.0 h1:EzYFrIbkEJBxvBEk650XWWE6hbdg1rfhz5Q4+zt+ctE=
github.com/mikefsq/stellarmate v0.1.0/go.mod h1:poMiJ3c6UXsJmHVn3AiFJ3kpMBnldEsNoVROUWH1jCs=
github.com/mikefsq/unihedron v0.1.1 h1:q2U6H38mjvv3N7lQO++b2GRkSfeHP4vBW/njLcXj94Q=
github.com/mikefsq/unihedron v0.1.1/go.mod h1:6UUn+xcszDq4xPTRVJKpE9NGBNev6f27hJjFuWqaUvY=
github.com/pmezard/go-difflib v1.0.0 h1:4DBwDE0NGyQoBHbLQYPwSUPoCMWR5BEzIk/f1lZbAQM=
github.com/pmezard/go-difflib v1.0.0/go.mod h1:iKH77koFhYxTK1pcRnkKkqfTogsbg7gZNVY4sRDYZ/4=
github.com/stretchr/objx v0.1.0/go.mod h1:HFkY916IF+rwdDfMAkV7OtwuqBVzrE8GR6GFx+wExME=
github.com/stretchr/testify v1.5.1/go.mod h1:5W2xD1RspED5o8YsWQXVCued0rvSQ+mT+I5cxcmMvtA=
github.com/stretchr/testify v1.7.0 h1:nwc3DEeHmmLAfoZucVR881uASk0Mfjw8xYJ99tb5CcY=
github.com/stretchr/testify v1.7.0/go.mod h1:6Fq8oRcR53rry900zMqJjRRixrwX3KX962/h/Wwjteg=
go.bug.st/serial v1.7.1 h1:5aP8wYL0UjEYOVs3oPAGscjaSfRQLHtCvBFXNN/rwtc=
go.bug.st/serial v1.7.1/go.mod h1:d0MmS16Qt9b1m06yoYRNUXhRRTJV5Qg2S5EKqQtnayQ=
golang.org/x/net v0.46.0 h1:giFlY12I07fugqwPuWJi68oOnpfqFnJIJzaIIm2JVV4=
golang.org/x/net v0.46.0/go.mod h1:Q9BGdFy1y4nkUwiLvT5qtyhAnEHgnQ/zd8PfU6nc210=
golang.org/x/sys v0.43.0 h1:Rlag2XtaFTxp19wS8MXlJwTvoh8ArU6ezoyFsMyCTNI=
golang.org/x/sys v0.43.0/go.mod h1:4GL1E5IUh+htKOUEOaiffhrAeqysfVGipDYzABqnCmw=
gopkg.in/check.v1 v0.0.0-20161208181325-20d25e280405/go.mod h1:Co6ibVJAznAaIkqp8huTwlJQCZ016jof/cbN4VW5Yz0=
gopkg.in/yaml.v2 v2.2.2/go.mod h1:hI93XBmqTisBFMUTm0b8Fm+jr3Dg1NNxqwp+5A1VGuI=
gopkg.in/yaml.v3 v3.0.1 h1:fxVm/GzAzEWqLHuvctI91KS9hhNmmWOoWu0XTYJS7CA=
gopkg.in/yaml.v3 v3.0.1/go.mod h1:K4uyk7z7BCEPqu6E+C64Yfv1cQ7kz7rIZviUmN+EgEM=
