github.com/adrianmo/go-nmea v1.10.0 h1:L1aYaebZ4cXFCoXNSeDeQa0tApvSKvIbqMsK+iaRiCo=
github.com/adrianmo/go-nmea v1.10.0/go.mod h1:u8bPnpKt/D/5rll/5l9f6iDfeq5WZW0+/SXdkwix6Tg=
github.com/davecgh/go-spew v1.1.0/go.mod h1:J7Y8YcW2NihsgmVo/mv3lAwl/skON4iLHjSsI+c5H38=
github.com/davecgh/go-spew v1.1.1 h1:vj9j/u1bqnvCEfJOwUhtlOARqs3+rkHYY13jYWTU97c=
github.com/davecgh/go-spew v1.1.1/go.mod h1:J7Y8YcW2NihsgmVo/mv3lAwl/skON4iLHjSsI+c5H38=
github.com/mikefsq/astrocam v0.0.0-20260707042246-a133a20b0bd3 h1:PNpiQJZh338bsx5PRDckS++7pM3v6pfK94IcxNhhReA=
github.com/mikefsq/astrocam v0.0.0-20260707042246-a133a20b0bd3/go.mod h1:uyqx0HIkXiGjewySY+zKLe5lJnoUX3f6HJEMV0qr5/I=
github.com/mikefsq/astromi.ch v0.1.0 h1:PQ7NPKpXynthYSzs2/9lRqFYqgYGfTfCc7lbTZ/TpeM=
github.com/mikefsq/astromi.ch v0.1.0/go.mod h1:0y2ZVWX9tCMYcsS6wy/jtLNMTX+hT2q4WPmbBpdXQ9E=
github.com/mikefsq/goalpaca v0.3.1 h1:tzoC1z5CVYSX/H6TmBR/TakPmqDEOjQ3EAkOrEqFaJo=
github.com/mikefsq/goalpaca v0.3.1/go.mod h1:K6Ib2gbC+aUgAwU2G95KHsD0EIPdiCqyZIm6RGwBQhw=
github.com/mikefsq/goalpaca-devices/asiam5 v0.0.0-20260713202729-46ba0c79bc2a h1:MHSWx65EW/TJiWLcGl2WDUrrt4pyuoQdPf2zJ8jigv8=
github.com/mikefsq/goalpaca-devices/asiam5 v0.0.0-20260713202729-46ba0c79bc2a/go.mod h1:I4HLzw4w02UOfBymTcXU7xhx5MsZZbcbzkaf4e67wuc=
github.com/mikefsq/goalpaca-devices/asieaf v0.0.0-20260713202729-46ba0c79bc2a h1:P9NMUk7ia/OsKu/vtrnvhBMvfuhbjXOY9j8VMmvFzyk=
github.com/mikefsq/goalpaca-devices/asieaf v0.0.0-20260713202729-46ba0c79bc2a/go.mod h1:sRSGPOyNlidepaL90kFT81Vi3pwVUN1cW2pMYBWh1rg=
github.com/mikefsq/goalpaca-devices/asiefw v0.0.0-20260713202729-46ba0c79bc2a h1:/qbEo8lAp7+nS3qqKZIxJr8lBZC2NqMNFqpffBoWly8=
github.com/mikefsq/goalpaca-devices/asiefw v0.0.0-20260713202729-46ba0c79bc2a/go.mod h1:Wtp+FhY07kL00RjYXGjY4c+kA1Tdgg5P5sXYQ2GV56c=
github.com/mikefsq/goalpaca-devices/astrocam v0.0.0-20260713202729-46ba0c79bc2a h1:F9A3c1xRis5P9oNmSXLcgtR4vKyzFT+oa4h8zJmPye0=
github.com/mikefsq/goalpaca-devices/astrocam v0.0.0-20260713202729-46ba0c79bc2a/go.mod h1:Oq3qLsiipB0UTyqwj2Jw3fAtSpCWLfxXz+v48cSALMs=
github.com/mikefsq/goalpaca-devices/focuscube v0.0.0-20260713202729-46ba0c79bc2a h1:s12YzY+NBcxZtEZfRNj94li9Na2dSXYCsnMZbJfAzRQ=
github.com/mikefsq/goalpaca-devices/focuscube v0.0.0-20260713202729-46ba0c79bc2a/go.mod h1:+/k2iplkHlRL3l4LSs2+CGfyb9eocOfgJKrlIXhQzQI=
github.com/mikefsq/goalpaca-devices/focuslynx v0.0.0-20260713202729-46ba0c79bc2a h1:VkLB3hSspcIeqQD+ZveoboZnyqHcmsh+uT4Mg1oqL6s=
github.com/mikefsq/goalpaca-devices/focuslynx v0.0.0-20260713202729-46ba0c79bc2a/go.mod h1:uqQ3O1tQNQ/dQoerXV4gFMTkrHRuNOBRgrh9cA00EZM=
github.com/mikefsq/goalpaca-devices/mgpbox v0.0.0-20260713202729-46ba0c79bc2a h1:KvbVqbw9nGM5OblBDYZytZxcjV+mmnyNoGvVUvauK7E=
github.com/mikefsq/goalpaca-devices/mgpbox v0.0.0-20260713202729-46ba0c79bc2a/go.mod h1:p9EqwkUQdsvMhLEro7WqEynE6pY13KoYrocHx8DZOcw=
github.com/mikefsq/goalpaca-devices/oasisfoc v0.0.0-20260713202729-46ba0c79bc2a h1:NV+K6at3V2ZYSWThojrMHH8yfoeqoR44djcSFaoHMTs=
github.com/mikefsq/goalpaca-devices/oasisfoc v0.0.0-20260713202729-46ba0c79bc2a/go.mod h1:8GzyARZNBPEIgbGnzVCO2aZI9s/SxvuFv26N7JxLSeM=
github.com/mikefsq/goalpaca-devices/oasisfw v0.0.0-20260713202729-46ba0c79bc2a h1:3hBqeaz935XKomEonCn1XPmmRAaJt2yFoquncPXBYIQ=
github.com/mikefsq/goalpaca-devices/oasisfw v0.0.0-20260713202729-46ba0c79bc2a/go.mod h1:n3aFvlkees5z3AcjmSgaLqg+m+qaK8T04s7/bUAIWmo=
github.com/mikefsq/goalpaca-devices/onstep v0.0.0-20260713202729-46ba0c79bc2a h1:aLoBCJxKrhrEbc6mhx5GRVVWfBoZKlLFl6LjTDGCvXE=
github.com/mikefsq/goalpaca-devices/onstep v0.0.0-20260713202729-46ba0c79bc2a/go.mod h1:7Xl+EABRzz1VUoXFe37lHl1PSeAJV0feoFLgvuEemxs=
github.com/mikefsq/goalpaca-devices/rst v0.0.0-20260713202729-46ba0c79bc2a h1:AZ0atl83o367XCabbz/AlOlcjPhCUB7sYmfBrMHIr9Y=
github.com/mikefsq/goalpaca-devices/rst v0.0.0-20260713202729-46ba0c79bc2a/go.mod h1:dULQHZaxAUjURi1H0aeqkMAMCoidONrpUw6sEIqBk+I=
github.com/mikefsq/goalpaca-devices/sim v0.0.0-20260713202729-46ba0c79bc2a h1:SNZtl3KI5mkfZvZDwwaEHEdWsJAmFW9dSUtGBBftygo=
github.com/mikefsq/goalpaca-devices/sim v0.0.0-20260713202729-46ba0c79bc2a/go.mod h1:S+UsDNuFht73Eb+6IBdDbeqWqmiFVtsLK641Pk0cabE=
github.com/mikefsq/goalpaca-devices/tenmicron v0.0.0-20260713202729-46ba0c79bc2a h1:r1t21FA/TEUH+6tQloC35j3j5BwCDR+c3Hm+OAR6J68=
github.com/mikefsq/goalpaca-devices/tenmicron v0.0.0-20260713202729-46ba0c79bc2a/go.mod h1:jlIAlz+X/xCinUSYeVWR8wSQRYmBVV79zlLym57HnT0=
github.com/mikefsq/goalpaca-devices/unihedron v0.0.0-20260713202729-46ba0c79bc2a h1:8UtMTgFdeRgKCjMyDmXzvL2L7sVh6LiYIwAufTeWSpU=
github.com/mikefsq/goalpaca-devices/unihedron v0.0.0-20260713202729-46ba0c79bc2a/go.mod h1:EoVeUL1mihABe4SQBf57W/xpyGupNbTqxuGxOjo3HdI=
github.com/mikefsq/goasi v0.2.0 h1:Rhoph4nnrYLPEON/Xt56WQHBlCwwkGwlGDq6tiZ4LwM=
github.com/mikefsq/goasi v0.2.0/go.mod h1:jgdDPCgo05MzPh5jl/nZRgz2d1utuWBTMoEALnQMSoM=
github.com/mikefsq/goindi v0.0.0-20260623000347-2dda0b2dec05 h1:eZmdbZO/5QqoWWFQXltaIh4kHDpDF4VCSfN8b2daPPc=
github.com/mikefsq/goindi v0.0.0-20260623000347-2dda0b2dec05/go.mod h1:VfpBywDi5mzxwT3hyE6zbAiYxB0bDowDUjMkWXhaq8E=
github.com/mikefsq/lx200 v0.2.1 h1:CJyw/g+wSWKmCJL/POEjTpHVguij/akeGY1I0+hLFKQ=
github.com/mikefsq/lx200 v0.2.1/go.mod h1:k93Aa+avC4ZTvR3bqiauXPcIy+MhjymuQw+weOOb4i4=
github.com/mikefsq/oasis-astro v0.0.0-20260613070221-c6e70b94291f h1:q7rcdXdFy97/x25BY1/+lpL1bVPQCWTvBaIpkSZT2eI=
github.com/mikefsq/oasis-astro v0.0.0-20260613070221-c6e70b94291f/go.mod h1:O+T/QVLQitfQdqn5ajAWFTotZHEN18xBkCy/PVdzszU=
github.com/mikefsq/optec v0.0.0-20260707021816-df3786ba6eb4 h1:XK9zSc9VulrSgeIi7InPKCD+N+O8a5qG4UuIWucThh0=
github.com/mikefsq/optec v0.0.0-20260707021816-df3786ba6eb4/go.mod h1:ntwr57cUWCCEYxu5bUQkt44RzcYjumqRuLJ6Iv+ooY8=
github.com/mikefsq/pegasus-astro v0.0.0-20260610070031-afd43eb66e1d h1:x/56ZdCOmsSGeF02cD3vQe4idIkw+IMxcAkRcs1LoFk=
github.com/mikefsq/pegasus-astro v0.0.0-20260610070031-afd43eb66e1d/go.mod h1:E8S8NyhcFwabgbl+JYkwvmKswCVpl9Z/2vxhBjs+XEU=
github.com/mikefsq/unihedron v0.1.0 h1:srpRFFI2N6k+BlPp3EVxGLZRCGXnONULmM/rvL2Bhns=
github.com/mikefsq/unihedron v0.1.0/go.mod h1:6UUn+xcszDq4xPTRVJKpE9NGBNev6f27hJjFuWqaUvY=
github.com/pmezard/go-difflib v1.0.0 h1:4DBwDE0NGyQoBHbLQYPwSUPoCMWR5BEzIk/f1lZbAQM=
github.com/pmezard/go-difflib v1.0.0/go.mod h1:iKH77koFhYxTK1pcRnkKkqfTogsbg7gZNVY4sRDYZ/4=
github.com/stretchr/objx v0.1.0/go.mod h1:HFkY916IF+rwdDfMAkV7OtwuqBVzrE8GR6GFx+wExME=
github.com/stretchr/testify v1.5.1/go.mod h1:5W2xD1RspED5o8YsWQXVCued0rvSQ+mT+I5cxcmMvtA=
github.com/stretchr/testify v1.7.0 h1:nwc3DEeHmmLAfoZucVR881uASk0Mfjw8xYJ99tb5CcY=
github.com/stretchr/testify v1.7.0/go.mod h1:6Fq8oRcR53rry900zMqJjRRixrwX3KX962/h/Wwjteg=
go.bug.st/serial v1.7.1 h1:5aP8wYL0UjEYOVs3oPAGscjaSfRQLHtCvBFXNN/rwtc=
go.bug.st/serial v1.7.1/go.mod h1:d0MmS16Qt9b1m06yoYRNUXhRRTJV5Qg2S5EKqQtnayQ=
golang.org/x/net v0.46.0 h1:giFlY12I07fugqwPuWJi68oOnpfqFnJIJzaIIm2JVV4=
golang.org/x/net v0.46.0/go.mod h1:Q9BGdFy1y4nkUwiLvT5qtyhAnEHgnQ/zd8PfU6nc210=
golang.org/x/sys v0.43.0 h1:Rlag2XtaFTxp19wS8MXlJwTvoh8ArU6ezoyFsMyCTNI=
golang.org/x/sys v0.43.0/go.mod h1:4GL1E5IUh+htKOUEOaiffhrAeqysfVGipDYzABqnCmw=
gopkg.in/check.v1 v0.0.0-20161208181325-20d25e280405/go.mod h1:Co6ibVJAznAaIkqp8huTwlJQCZ016jof/cbN4VW5Yz0=
gopkg.in/yaml.v2 v2.2.2/go.mod h1:hI93XBmqTisBFMUTm0b8Fm+jr3Dg1NNxqwp+5A1VGuI=
gopkg.in/yaml.v3 v3.0.1 h1:fxVm/GzAzEWqLHuvctI91KS9hhNmmWOoWu0XTYJS7CA=
gopkg.in/yaml.v3 v3.0.1/go.mod h1:K4uyk7z7BCEPqu6E+C64Yfv1cQ7kz7rIZviUmN+EgEM=
