github.com/adrianmo/go-nmea v1.10.0 h1:L1aYaebZ4cXFCoXNSeDeQa0tApvSKvIbqMsK+iaRiCo=
github.com/adrianmo/go-nmea v1.10.0/go.mod h1:u8bPnpKt/D/5rll/5l9f6iDfeq5WZW0+/SXdkwix6Tg=
github.com/davecgh/go-spew v1.1.0/go.mod h1:J7Y8YcW2NihsgmVo/mv3lAwl/skON4iLHjSsI+c5H38=
github.com/davecgh/go-spew v1.1.1 h1:vj9j/u1bqnvCEfJOwUhtlOARqs3+rkHYY13jYWTU97c=
github.com/davecgh/go-spew v1.1.1/go.mod h1:J7Y8YcW2NihsgmVo/mv3lAwl/skON4iLHjSsI+c5H38=
github.com/mikefsq/astrocam v0.0.0-20260828004017-1aa1992b84f1 h1:bPJYNZ53iZRzZEB0chG/N3KeYiPmluFGQ/xoyodk1xE=
github.com/mikefsq/astrocam v0.0.0-20260828004017-1aa1992b84f1/go.mod h1:sypVt4nGQJdOES5awMVX06WCTDATStWuzHhpIRSFvmM=
github.com/mikefsq/astromi.ch v0.1.1-0.20260817194910-b02747c7688b h1:aihWX+n03mxKYuKF1sy0fnVh9Xva6w3PqCmVUL9ciJg=
github.com/mikefsq/astromi.ch v0.1.1-0.20260817194910-b02747c7688b/go.mod h1:YBq9nFaxkzWMtjAPKULE++atX33EFdW4dDcOzwHCY9Q=
github.com/mikefsq/goalpaca v0.3.2-0.20260830025450-2da7704371b4 h1:IDFsNVQuHR1CL7nDRlGv1Vb6y6BBommbEKvq7FG2mqI=
github.com/mikefsq/goalpaca v0.3.2-0.20260830025450-2da7704371b4/go.mod h1:K6Ib2gbC+aUgAwU2G95KHsD0EIPdiCqyZIm6RGwBQhw=
github.com/mikefsq/goalpaca-devices/asiair v0.0.0-20260828004746-46e991ee96b4 h1:UtzZUe+ptEJLuQGhZVCReGqIxLmua8fVwrvmneTas9s=
github.com/mikefsq/goalpaca-devices/asiair v0.0.0-20260828004746-46e991ee96b4/go.mod h1:M5DSIfl1vg928MvhndQ4T/rAfeW/WaCtaa0IJTBmz1g=
github.com/mikefsq/goalpaca-devices/asiam5 v0.0.0-20260828004746-46e991ee96b4 h1:ELv90DjPl6L4mhIKYkF5Qo5TdoLp9o2ygg+5iesFgT4=
github.com/mikefsq/goalpaca-devices/asiam5 v0.0.0-20260828004746-46e991ee96b4/go.mod h1:AamqfsFopGu+C4GpGNKgrWK5I676wqZFfN41tCG+sec=
github.com/mikefsq/goalpaca-devices/asieaf v0.0.0-20260828004746-46e991ee96b4 h1:3H709p+FoY8uRW/uaMScNypEziFKLUT9DOluU/tv198=
github.com/mikefsq/goalpaca-devices/asieaf v0.0.0-20260828004746-46e991ee96b4/go.mod h1:JoxmiDHBOB+iboM/o0GCd5M9edzwKBOTDRFIY/b7tng=
github.com/mikefsq/goalpaca-devices/asiefw v0.0.0-20260828004746-46e991ee96b4 h1:nsxqIa5zfrci+pTkYCWsREqW8PnszIffqKKDzVLTTyA=
github.com/mikefsq/goalpaca-devices/asiefw v0.0.0-20260828004746-46e991ee96b4/go.mod h1:NTPN6QtGEWb4stJaY4M9oXr0sfyMP6YsuXrszbBCccs=
github.com/mikefsq/goalpaca-devices/astrocam v0.0.0-20260828004746-46e991ee96b4 h1:5E71k/XS+k0XTVz3Wpas1CbUC7W/nVYjUjX+TerMuxI=
github.com/mikefsq/goalpaca-devices/astrocam v0.0.0-20260828004746-46e991ee96b4/go.mod h1:keByVB8PFwZCFiSdTJevjTW5QaEpSOfAMBxdRWpC4To=
github.com/mikefsq/goalpaca-devices/focuscube v0.0.0-20260828004746-46e991ee96b4 h1:DM1KQNUTYE4GeXtpHCUNu9pGiqfRVVKeUqM0S87uLFQ=
github.com/mikefsq/goalpaca-devices/focuscube v0.0.0-20260828004746-46e991ee96b4/go.mod h1:KboauNtCptYCeLD0hfu72JpClP4HhoQOlccVtVIiuRY=
github.com/mikefsq/goalpaca-devices/focuslynx v0.0.0-20260828004746-46e991ee96b4 h1:YAHaejC1BdnNpkSCRoAt3UpcVNJ7ExfmxFuyopSQGz4=
github.com/mikefsq/goalpaca-devices/focuslynx v0.0.0-20260828004746-46e991ee96b4/go.mod h1:gAjcwLXzWSsN9tL5uFowxBf1ZlPRpMUMK4sgAXIbWRw=
github.com/mikefsq/goalpaca-devices/mgpbox v0.0.0-20260828004746-46e991ee96b4 h1:jkt/Aqv/Uip7pZ1dx8TIiClTdeij9nK6rfUqqe4aBBs=
github.com/mikefsq/goalpaca-devices/mgpbox v0.0.0-20260828004746-46e991ee96b4/go.mod h1:JT22SloWkRnxW+UcBtlgRLIU0ISvZhsbd41vjTE8xTA=
github.com/mikefsq/goalpaca-devices/oasisfoc v0.0.0-20260828004746-46e991ee96b4 h1:OZI36l5zOtUqa8alh60glfT4km4zXoiZdpDKBBanjg0=
github.com/mikefsq/goalpaca-devices/oasisfoc v0.0.0-20260828004746-46e991ee96b4/go.mod h1:j9H7ZUc2fmIXaT15piD0jCXJcuZb5JjfMH1ZmYeMB8A=
github.com/mikefsq/goalpaca-devices/oasisfw v0.0.0-20260828004746-46e991ee96b4 h1:CZMZ86Xfr4erjk4xO6WSv/lCxqozWda0RrTZWrszjhA=
github.com/mikefsq/goalpaca-devices/oasisfw v0.0.0-20260828004746-46e991ee96b4/go.mod h1:NiBod7HlOnfIRBPUbawzAWYk22kP4skVcDDyInsT4w8=
github.com/mikefsq/goalpaca-devices/onstep v0.0.0-20260828004746-46e991ee96b4 h1:jXgLu2osBduWIJMW71EOrvKHFs29e57Lpll6Hhy/axM=
github.com/mikefsq/goalpaca-devices/onstep v0.0.0-20260828004746-46e991ee96b4/go.mod h1:1V5XqxSKGxc4tyMIeisIzxwMaVBeSW/XUUgVQ5awPQE=
github.com/mikefsq/goalpaca-devices/ptpcam v0.0.0-20260828004746-46e991ee96b4 h1:G8sQKTurUkjgoVdv2B+h8oGZTvAhoTp5KGWSBeGUQ7s=
github.com/mikefsq/goalpaca-devices/ptpcam v0.0.0-20260828004746-46e991ee96b4/go.mod h1:Ly6PMZg8uXM2OQ0zJEb7SoWpehp0bKKX/5oHetOJrso=
github.com/mikefsq/goalpaca-devices/rst v0.0.0-20260828004746-46e991ee96b4 h1:IMdM4661Km3fuLPMvr/7bEQJfbgGZX4n8EDEs4uNSl8=
github.com/mikefsq/goalpaca-devices/rst v0.0.0-20260828004746-46e991ee96b4/go.mod h1:JHmo81IzXXVNHljofjnq4q8mXS/GMq7MN9fkONN4+fU=
github.com/mikefsq/goalpaca-devices/sim v0.0.0-20260828004746-46e991ee96b4 h1:S8JYsU+uwZdTulx3c7cY0Ea5WsoD0owmNBM4EGzxkaQ=
github.com/mikefsq/goalpaca-devices/sim v0.0.0-20260828004746-46e991ee96b4/go.mod h1:Dsb59JhnigJGSqEYp9MN7COqMrShJxIim/mfZZ3nBTA=
github.com/mikefsq/goalpaca-devices/smpro v0.0.0-20260828004746-46e991ee96b4 h1:vxrQCeHHvD5IoXX3+BCYhlhqFudz5Iz++KRjJU/5D6E=
github.com/mikefsq/goalpaca-devices/smpro v0.0.0-20260828004746-46e991ee96b4/go.mod h1:7Ziap02a+PReoFWR6trYCRO9dePU3nwom6ldFR+nL0g=
github.com/mikefsq/goalpaca-devices/tenmicron v0.0.0-20260828004746-46e991ee96b4 h1:dtHdu8JHCeeDH+BrvvqIrC3xqgHF65d5sZH938ddeqo=
github.com/mikefsq/goalpaca-devices/tenmicron v0.0.0-20260828004746-46e991ee96b4/go.mod h1:QDRApywzWhuo1R85Fsp3pd5Ez4++DYltNqL8nM9yNjI=
github.com/mikefsq/goalpaca-devices/unihedron v0.0.0-20260828004746-46e991ee96b4 h1:A9JTIbZodElb0M+MG7RCXreM+zZEIJ36uH8FMZ005zU=
github.com/mikefsq/goalpaca-devices/unihedron v0.0.0-20260828004746-46e991ee96b4/go.mod h1:Jud4TJ73kbEAUWJaxbl83SG+LKVOFWWbe/6T5R5Jn3I=
github.com/mikefsq/goasi v0.2.1-0.20260821215032-7011c101a08c h1:NqXwIO1f9ir5TudMfj3s8qjB7UMc46/2DyB4legHahg=
github.com/mikefsq/goasi v0.2.1-0.20260821215032-7011c101a08c/go.mod h1:jgdDPCgo05MzPh5jl/nZRgz2d1utuWBTMoEALnQMSoM=
github.com/mikefsq/goasi/asiair v0.0.0-20260821215032-7011c101a08c h1:X4Tlh8kieS+Pfa4vvNzMv4PmrDfBsXE9bTKPX1AKGYI=
github.com/mikefsq/goasi/asiair v0.0.0-20260821215032-7011c101a08c/go.mod h1:C96FaubJEpBLd9Ck82n81vZLbIYFZPS4/0Ek0p65vOg=
github.com/mikefsq/goindi v0.0.0-20260901000507-38e944df023c h1:BV9Y+UEBe8LCE5Nmxb3qaA9qBREt1ySMXfg+Ka0kVPM=
github.com/mikefsq/goindi v0.0.0-20260901000507-38e944df023c/go.mod h1:VfpBywDi5mzxwT3hyE6zbAiYxB0bDowDUjMkWXhaq8E=
github.com/mikefsq/lx200 v0.2.2-0.20260828004623-148d3f4ede4b h1:Z1x6sqtv1TAW+6G8ANVbkI8W1rKbFHeuy6flSIxaDgk=
github.com/mikefsq/lx200 v0.2.2-0.20260828004623-148d3f4ede4b/go.mod h1:Rag8s80nrhhCQLC3KjjAT/Lx6fahp0+R0abuXm62tKo=
github.com/mikefsq/oasis-astro v0.0.0-20260817201104-00ec21705131 h1:9gim/0NyjXrH1/sEy3RTFdypSsGuFvZTCOQbBbvPNVc=
github.com/mikefsq/oasis-astro v0.0.0-20260817201104-00ec21705131/go.mod h1:O+T/QVLQitfQdqn5ajAWFTotZHEN18xBkCy/PVdzszU=
github.com/mikefsq/optec v0.0.0-20260713175428-9a276b61f41e h1:hw2jiJ+4TVpbUcDZbcNj8OtKSKaBh92PcDU7IDZiErg=
github.com/mikefsq/optec v0.0.0-20260713175428-9a276b61f41e/go.mod h1:ntwr57cUWCCEYxu5bUQkt44RzcYjumqRuLJ6Iv+ooY8=
github.com/mikefsq/pegasus-astro v0.0.0-20260713175352-7c8746528e1c h1:DXCyjeRC6bcyVWfVmw86Q2NUukf3pCIxZXvHzeyiYCs=
github.com/mikefsq/pegasus-astro v0.0.0-20260713175352-7c8746528e1c/go.mod h1:E8S8NyhcFwabgbl+JYkwvmKswCVpl9Z/2vxhBjs+XEU=
github.com/mikefsq/ptp v0.0.0-20260819023716-4dce94a699a8 h1:zTd6nammNW3KzxukPkxHpCYxWE9V4jJYWBdhD67CrWA=
github.com/mikefsq/ptp v0.0.0-20260819023716-4dce94a699a8/go.mod h1:883GNtGyqVtKCfy8mPTFJrBOL8rhNXR4KQ0DlAgSjUg=
github.com/mikefsq/stellarmate v0.0.0-20260821231638-f0de4fc3e094 h1:/HeOTnUzJBMW2OI3mNxfoxtNVevsLb+te2p4Jvh5UMs=
github.com/mikefsq/stellarmate v0.0.0-20260821231638-f0de4fc3e094/go.mod h1:poMiJ3c6UXsJmHVn3AiFJ3kpMBnldEsNoVROUWH1jCs=
github.com/mikefsq/unihedron v0.1.1-0.20260821215438-d164bf0a596c h1:iyNMvQ/5V+olWI+zuy//COPiIqekk80E2k3SNNMFn3g=
github.com/mikefsq/unihedron v0.1.1-0.20260821215438-d164bf0a596c/go.mod h1:6UUn+xcszDq4xPTRVJKpE9NGBNev6f27hJjFuWqaUvY=
github.com/pmezard/go-difflib v1.0.0 h1:4DBwDE0NGyQoBHbLQYPwSUPoCMWR5BEzIk/f1lZbAQM=
github.com/pmezard/go-difflib v1.0.0/go.mod h1:iKH77koFhYxTK1pcRnkKkqfTogsbg7gZNVY4sRDYZ/4=
github.com/stretchr/objx v0.1.0/go.mod h1:HFkY916IF+rwdDfMAkV7OtwuqBVzrE8GR6GFx+wExME=
github.com/stretchr/testify v1.5.1/go.mod h1:5W2xD1RspED5o8YsWQXVCued0rvSQ+mT+I5cxcmMvtA=
github.com/stretchr/testify v1.7.0 h1:nwc3DEeHmmLAfoZucVR881uASk0Mfjw8xYJ99tb5CcY=
github.com/stretchr/testify v1.7.0/go.mod h1:6Fq8oRcR53rry900zMqJjRRixrwX3KX962/h/Wwjteg=
go.bug.st/serial v1.7.1 h1:5aP8wYL0UjEYOVs3oPAGscjaSfRQLHtCvBFXNN/rwtc=
go.bug.st/serial v1.7.1/go.mod h1:d0MmS16Qt9b1m06yoYRNUXhRRTJV5Qg2S5EKqQtnayQ=
golang.org/x/net v0.46.0 h1:giFlY12I07fugqwPuWJi68oOnpfqFnJIJzaIIm2JVV4=
golang.org/x/net v0.46.0/go.mod h1:Q9BGdFy1y4nkUwiLvT5qtyhAnEHgnQ/zd8PfU6nc210=
golang.org/x/sys v0.43.0 h1:Rlag2XtaFTxp19wS8MXlJwTvoh8ArU6ezoyFsMyCTNI=
golang.org/x/sys v0.43.0/go.mod h1:4GL1E5IUh+htKOUEOaiffhrAeqysfVGipDYzABqnCmw=
gopkg.in/check.v1 v0.0.0-20161208181325-20d25e280405/go.mod h1:Co6ibVJAznAaIkqp8huTwlJQCZ016jof/cbN4VW5Yz0=
gopkg.in/yaml.v2 v2.2.2/go.mod h1:hI93XBmqTisBFMUTm0b8Fm+jr3Dg1NNxqwp+5A1VGuI=
gopkg.in/yaml.v3 v3.0.1 h1:fxVm/GzAzEWqLHuvctI91KS9hhNmmWOoWu0XTYJS7CA=
gopkg.in/yaml.v3 v3.0.1/go.mod h1:K4uyk7z7BCEPqu6E+C64Yfv1cQ7kz7rIZviUmN+EgEM=
